
Microsoft Visual Studio Solution File, Format Version 11.00
# Visual Studio 2010
Project("{FAE04EC0-301F-11D3-BF4B-00C04F79EFBC}") = "UNIT_SMA_Cross", "UNIT_SMA_Cross\UNIT_SMA_Cross.csproj", "{E597EFC7-FD5F-4CDF-A9A6-E95A2929485B}"
EndProject
Global
	GlobalSection(SolutionConfigurationPlatforms) = preSolution
		Debug|Any CPU = Debug|Any CPU
		Release|Any CPU = Release|Any CPU
	EndGlobalSection
	GlobalSection(ProjectConfigurationPlatforms) = postSolution
		{E597EFC7-FD5F-4CDF-A9A6-E95A2929485B}.Debug|Any CPU.ActiveCfg = Debug|Any CPU
		{E597EFC7-FD5F-4CDF-A9A6-E95A2929485B}.Debug|Any CPU.Build.0 = Debug|Any CPU
		{E597EFC7-FD5F-4CDF-A9A6-E95A2929485B}.Release|Any CPU.ActiveCfg = Release|Any CPU
		{E597EFC7-FD5F-4CDF-A9A6-E95A2929485B}.Release|Any CPU.Build.0 = Release|Any CPU
	EndGlobalSection
	GlobalSection(SolutionProperties) = preSolution
		HideSolutionNode = FALSE
	EndGlobalSection
EndGlobal
