
Microsoft Visual Studio Solution File, Format Version 11.00
# Visual Studio 2010
Project("{FAE04EC0-301F-11D3-BF4B-00C04F79EFBC}") = "drawline", "drawline\drawline.csproj", "{B879E890-E764-41AF-9F05-9C218BE43545}"
EndProject
Global
	GlobalSection(SolutionConfigurationPlatforms) = preSolution
		Debug|Any CPU = Debug|Any CPU
		Release|Any CPU = Release|Any CPU
	EndGlobalSection
	GlobalSection(ProjectConfigurationPlatforms) = postSolution
		{B879E890-E764-41AF-9F05-9C218BE43545}.Debug|Any CPU.ActiveCfg = Debug|Any CPU
		{B879E890-E764-41AF-9F05-9C218BE43545}.Debug|Any CPU.Build.0 = Debug|Any CPU
		{B879E890-E764-41AF-9F05-9C218BE43545}.Release|Any CPU.ActiveCfg = Release|Any CPU
		{B879E890-E764-41AF-9F05-9C218BE43545}.Release|Any CPU.Build.0 = Release|Any CPU
	EndGlobalSection
	GlobalSection(SolutionProperties) = preSolution
		HideSolutionNode = FALSE
	EndGlobalSection
EndGlobal
